
Microsoft Visual Studio Solution File, Format Version 12.00
# Visual Studio Version 17
VisualStudioVersion = 17.1.32414.318
MinimumVisualStudioVersion = 10.0.40219.1
Project("{FAE04EC0-301F-11D3-BF4B-00C04F79EFBC}") = "EndlessClouds.WorldUser", "EndlessClouds\EndlessClouds.WorldUser.csproj", "{AB6C40B7-E4E2-4B23-B8BD-BA8ECD5080DB}"
EndProject
Project("{FAE04EC0-301F-11D3-BF4B-00C04F79EFBC}") = "EndlessClouds.CheckDuplicates", "EndlessClouds.CheckDuplicates\EndlessClouds.CheckDuplicates.csproj", "{8167B906-F44C-4408-BCD9-0D0C4A452908}"
EndProject
Global
	GlobalSection(SolutionConfigurationPlatforms) = preSolution
		Debug|Any CPU = Debug|Any CPU
		Release|Any CPU = Release|Any CPU
	EndGlobalSection
	GlobalSection(ProjectConfigurationPlatforms) = postSolution
		{AB6C40B7-E4E2-4B23-B8BD-BA8ECD5080DB}.Debug|Any CPU.ActiveCfg = Debug|Any CPU
		{AB6C40B7-E4E2-4B23-B8BD-BA8ECD5080DB}.Debug|Any CPU.Build.0 = Debug|Any CPU
		{AB6C40B7-E4E2-4B23-B8BD-BA8ECD5080DB}.Release|Any CPU.ActiveCfg = Release|Any CPU
		{AB6C40B7-E4E2-4B23-B8BD-BA8ECD5080DB}.Release|Any CPU.Build.0 = Release|Any CPU
		{8167B906-F44C-4408-BCD9-0D0C4A452908}.Debug|Any CPU.ActiveCfg = Debug|Any CPU
		{8167B906-F44C-4408-BCD9-0D0C4A452908}.Debug|Any CPU.Build.0 = Debug|Any CPU
		{8167B906-F44C-4408-BCD9-0D0C4A452908}.Release|Any CPU.ActiveCfg = Release|Any CPU
		{8167B906-F44C-4408-BCD9-0D0C4A452908}.Release|Any CPU.Build.0 = Release|Any CPU
	EndGlobalSection
	GlobalSection(SolutionProperties) = preSolution
		HideSolutionNode = FALSE
	EndGlobalSection
	GlobalSection(ExtensibilityGlobals) = postSolution
		SolutionGuid = {27188D8C-CFEF-4FB6-B5A0-6F0C4F02C9C9}
	EndGlobalSection
EndGlobal
